// !$*UTF8*$!
{
	archiveVersion = 1;
	classes = {
	};
	objectVersion = 55;
	objects = {

/* Begin PBXBuildFile section */
		BE84DA5B27C0F97400CE63A5 /* AppDelegate.swift in Sources */ = {isa = PBXBuildFile; fileRef = BE84DA5A27C0F97400CE63A5 /* AppDelegate.swift */; };
		BE84DA6527C0F97400CE63A5 /* SecondWeatherApp.xcdatamodeld in Sources */ = {isa = PBXBuildFile; fileRef = BE84DA6327C0F97400CE63A5 /* SecondWeatherApp.xcdatamodeld */; };
		BE84DA6727C0F97500CE63A5 /* Assets.xcassets in Resources */ = {isa = PBXBuildFile; fileRef = BE84DA6627C0F97500CE63A5 /* Assets.xcassets */; };
		BE84DA6A27C0F97500CE63A5 /* LaunchScreen.storyboard in Resources */ = {isa = PBXBuildFile; fileRef = BE84DA6827C0F97500CE63A5 /* LaunchScreen.storyboard */; };
		BE84DA7927C0FDAC00CE63A5 /* HomeViewController.swift in Sources */ = {isa = PBXBuildFile; fileRef = BE84DA7827C0FDAC00CE63A5 /* HomeViewController.swift */; };
		BE84DA7B27C0FEE500CE63A5 /* Weather.swift in Sources */ = {isa = PBXBuildFile; fileRef = BE84DA7A27C0FEE500CE63A5 /* Weather.swift */; };
		BE84DA7D27C0FEF100CE63A5 /* ForeCast.swift in Sources */ = {isa = PBXBuildFile; fileRef = BE84DA7C27C0FEF100CE63A5 /* ForeCast.swift */; };
		BE84DA7F27C0FF2400CE63A5 /* NetworkManagerProtocols.swift in Sources */ = {isa = PBXBuildFile; fileRef = BE84DA7E27C0FF2400CE63A5 /* NetworkManagerProtocols.swift */; };
		BE84DA8127C0FF3C00CE63A5 /* WeatherNetworkManagers.swift in Sources */ = {isa = PBXBuildFile; fileRef = BE84DA8027C0FF3B00CE63A5 /* WeatherNetworkManagers.swift */; };
		BE84DA8327C0FF4F00CE63A5 /* NetworkPropirties.swift in Sources */ = {isa = PBXBuildFile; fileRef = BE84DA8227C0FF4F00CE63A5 /* NetworkPropirties.swift */; };
		BE84DA8527C0FFC800CE63A5 /* ForecastCell.swift in Sources */ = {isa = PBXBuildFile; fileRef = BE84DA8427C0FFC800CE63A5 /* ForecastCell.swift */; };
		BE84DA8727C0FFE300CE63A5 /* SelfConfigureCell.swift in Sources */ = {isa = PBXBuildFile; fileRef = BE84DA8627C0FFE300CE63A5 /* SelfConfigureCell.swift */; };
		BE84DA8927C0FFFF00CE63A5 /* HourlyCell.swift in Sources */ = {isa = PBXBuildFile; fileRef = BE84DA8827C0FFFF00CE63A5 /* HourlyCell.swift */; };
		BE84DA8B27C1005900CE63A5 /* ImageViewExtensions.swift in Sources */ = {isa = PBXBuildFile; fileRef = BE84DA8A27C1005900CE63A5 /* ImageViewExtensions.swift */; };
		BE84DA8D27C1006F00CE63A5 /* DateExtensions.swift in Sources */ = {isa = PBXBuildFile; fileRef = BE84DA8C27C1006F00CE63A5 /* DateExtensions.swift */; };
		BE84DA8F27C1008600CE63A5 /* IntExtensions.swift in Sources */ = {isa = PBXBuildFile; fileRef = BE84DA8E27C1008600CE63A5 /* IntExtensions.swift */; };
		BE84DA9127C100B300CE63A5 /* CelciusConverter.swift in Sources */ = {isa = PBXBuildFile; fileRef = BE84DA9027C100B300CE63A5 /* CelciusConverter.swift */; };
		BE84DA9327C1093200CE63A5 /* DetailViewController.swift in Sources */ = {isa = PBXBuildFile; fileRef = BE84DA9227C1093200CE63A5 /* DetailViewController.swift */; };
		BE84DA9827C1113200CE63A5 /* BaseViewController.swift in Sources */ = {isa = PBXBuildFile; fileRef = BE84DA9727C1113200CE63A5 /* BaseViewController.swift */; };
		EECF52E7AD8070D7FF154631 /* Pods_SecondWeatherApp.framework in Frameworks */ = {isa = PBXBuildFile; fileRef = 6E7C147A6555FEC0B495BE5F /* Pods_SecondWeatherApp.framework */; };
/* End PBXBuildFile section */

/* Begin PBXFileReference section */
		025C1F992CCC0E690207488E /* Pods-SecondWeatherApp.release.xcconfig */ = {isa = PBXFileReference; includeInIndex = 1; lastKnownFileType = text.xcconfig; name = "Pods-SecondWeatherApp.release.xcconfig"; path = "Target Support Files/Pods-SecondWeatherApp/Pods-SecondWeatherApp.release.xcconfig"; sourceTree = "<group>"; };
		6E7C147A6555FEC0B495BE5F /* Pods_SecondWeatherApp.framework */ = {isa = PBXFileReference; explicitFileType = wrapper.framework; includeInIndex = 0; path = Pods_SecondWeatherApp.framework; sourceTree = BUILT_PRODUCTS_DIR; };
		BE84DA5727C0F97400CE63A5 /* SecondWeatherApp.app */ = {isa = PBXFileReference; explicitFileType = wrapper.application; includeInIndex = 0; path = SecondWeatherApp.app; sourceTree = BUILT_PRODUCTS_DIR; };
		BE84DA5A27C0F97400CE63A5 /* AppDelegate.swift */ = {isa = PBXFileReference; lastKnownFileType = sourcecode.swift; path = AppDelegate.swift; sourceTree = "<group>"; };
		BE84DA6427C0F97400CE63A5 /* SecondWeatherApp.xcdatamodel */ = {isa = PBXFileReference; lastKnownFileType = wrapper.xcdatamodel; path = SecondWeatherApp.xcdatamodel; sourceTree = "<group>"; };
		BE84DA6627C0F97500CE63A5 /* Assets.xcassets */ = {isa = PBXFileReference; lastKnownFileType = folder.assetcatalog; path = Assets.xcassets; sourceTree = "<group>"; };
		BE84DA6927C0F97500CE63A5 /* Base */ = {isa = PBXFileReference; lastKnownFileType = file.storyboard; name = Base; path = Base.lproj/LaunchScreen.storyboard; sourceTree = "<group>"; };
		BE84DA6B27C0F97500CE63A5 /* Info.plist */ = {isa = PBXFileReference; lastKnownFileType = text.plist.xml; path = Info.plist; sourceTree = "<group>"; };
		BE84DA7827C0FDAC00CE63A5 /* HomeViewController.swift */ = {isa = PBXFileReference; lastKnownFileType = sourcecode.swift; path = HomeViewController.swift; sourceTree = "<group>"; };
		BE84DA7A27C0FEE500CE63A5 /* Weather.swift */ = {isa = PBXFileReference; lastKnownFileType = sourcecode.swift; path = Weather.swift; sourceTree = "<group>"; };
		BE84DA7C27C0FEF100CE63A5 /* ForeCast.swift */ = {isa = PBXFileReference; lastKnownFileType = sourcecode.swift; path = ForeCast.swift; sourceTree = "<group>"; };
		BE84DA7E27C0FF2400CE63A5 /* NetworkManagerProtocols.swift */ = {isa = PBXFileReference; lastKnownFileType = sourcecode.swift; path = NetworkManagerProtocols.swift; sourceTree = "<group>"; };
		BE84DA8027C0FF3B00CE63A5 /* WeatherNetworkManagers.swift */ = {isa = PBXFileReference; lastKnownFileType = sourcecode.swift; path = WeatherNetworkManagers.swift; sourceTree = "<group>"; };
		BE84DA8227C0FF4F00CE63A5 /* NetworkPropirties.swift */ = {isa = PBXFileReference; lastKnownFileType = sourcecode.swift; path = NetworkPropirties.swift; sourceTree = "<group>"; };
		BE84DA8427C0FFC800CE63A5 /* ForecastCell.swift */ = {isa = PBXFileReference; lastKnownFileType = sourcecode.swift; path = ForecastCell.swift; sourceTree = "<group>"; };
		BE84DA8627C0FFE300CE63A5 /* SelfConfigureCell.swift */ = {isa = PBXFileReference; lastKnownFileType = sourcecode.swift; path = SelfConfigureCell.swift; sourceTree = "<group>"; };
		BE84DA8827C0FFFF00CE63A5 /* HourlyCell.swift */ = {isa = PBXFileReference; lastKnownFileType = sourcecode.swift; path = HourlyCell.swift; sourceTree = "<group>"; };
		BE84DA8A27C1005900CE63A5 /* ImageViewExtensions.swift */ = {isa = PBXFileReference; lastKnownFileType = sourcecode.swift; path = ImageViewExtensions.swift; sourceTree = "<group>"; };
		BE84DA8C27C1006F00CE63A5 /* DateExtensions.swift */ = {isa = PBXFileReference; lastKnownFileType = sourcecode.swift; path = DateExtensions.swift; sourceTree = "<group>"; };
		BE84DA8E27C1008600CE63A5 /* IntExtensions.swift */ = {isa = PBXFileReference; lastKnownFileType = sourcecode.swift; path = IntExtensions.swift; sourceTree = "<group>"; };
		BE84DA9027C100B300CE63A5 /* CelciusConverter.swift */ = {isa = PBXFileReference; lastKnownFileType = sourcecode.swift; path = CelciusConverter.swift; sourceTree = "<group>"; };
		BE84DA9227C1093200CE63A5 /* DetailViewController.swift */ = {isa = PBXFileReference; lastKnownFileType = sourcecode.swift; path = DetailViewController.swift; sourceTree = "<group>"; };
		BE84DA9727C1113200CE63A5 /* BaseViewController.swift */ = {isa = PBXFileReference; lastKnownFileType = sourcecode.swift; path = BaseViewController.swift; sourceTree = "<group>"; };
		DB6E3E24695E01C9353D999C /* Pods-SecondWeatherApp.debug.xcconfig */ = {isa = PBXFileReference; includeInIndex = 1; lastKnownFileType = text.xcconfig; name = "Pods-SecondWeatherApp.debug.xcconfig"; path = "Target Support Files/Pods-SecondWeatherApp/Pods-SecondWeatherApp.debug.xcconfig"; sourceTree = "<group>"; };
/* End PBXFileReference section */

/* Begin PBXFrameworksBuildPhase section */
		BE84DA5427C0F97400CE63A5 /* Frameworks */ = {
			isa = PBXFrameworksBuildPhase;
			buildActionMask = 2147483647;
			files = (
				EECF52E7AD8070D7FF154631 /* Pods_SecondWeatherApp.framework in Frameworks */,
			);
			runOnlyForDeploymentPostprocessing = 0;
		};
/* End PBXFrameworksBuildPhase section */

/* Begin PBXGroup section */
		880BEB1D64533C11A52C9AE7 /* Frameworks */ = {
			isa = PBXGroup;
			children = (
				6E7C147A6555FEC0B495BE5F /* Pods_SecondWeatherApp.framework */,
			);
			name = Frameworks;
			sourceTree = "<group>";
		};
		B1C48A09B7EB5B7670A70DA6 /* Pods */ = {
			isa = PBXGroup;
			children = (
				DB6E3E24695E01C9353D999C /* Pods-SecondWeatherApp.debug.xcconfig */,
				025C1F992CCC0E690207488E /* Pods-SecondWeatherApp.release.xcconfig */,
			);
			path = Pods;
			sourceTree = "<group>";
		};
		BE84DA4E27C0F97400CE63A5 = {
			isa = PBXGroup;
			children = (
				BE84DA5927C0F97400CE63A5 /* SecondWeatherApp */,
				BE84DA5827C0F97400CE63A5 /* Products */,
				B1C48A09B7EB5B7670A70DA6 /* Pods */,
				880BEB1D64533C11A52C9AE7 /* Frameworks */,
			);
			sourceTree = "<group>";
		};
		BE84DA5827C0F97400CE63A5 /* Products */ = {
			isa = PBXGroup;
			children = (
				BE84DA5727C0F97400CE63A5 /* SecondWeatherApp.app */,
			);
			name = Products;
			sourceTree = "<group>";
		};
		BE84DA5927C0F97400CE63A5 /* SecondWeatherApp */ = {
			isa = PBXGroup;
			children = (
				BE84DA7227C0FC7800CE63A5 /* Application */,
				BE84DA9427C110AB00CE63A5 /* Base */,
				BE84DA7327C0FCED00CE63A5 /* Controllers */,
				BE84DA7527C0FD3A00CE63A5 /* NetworkManager */,
				BE84DA7727C0FD6A00CE63A5 /* Cells */,
				BE84DA7627C0FD5000CE63A5 /* Model */,
				BE84DA7427C0FD0E00CE63A5 /* Extensions */,
				BE84DA7127C0FC6600CE63A5 /* Resources */,
				BE84DA6B27C0F97500CE63A5 /* Info.plist */,
			);
			path = SecondWeatherApp;
			sourceTree = "<group>";
		};
		BE84DA7127C0FC6600CE63A5 /* Resources */ = {
			isa = PBXGroup;
			children = (
				BE84DA6327C0F97400CE63A5 /* SecondWeatherApp.xcdatamodeld */,
				BE84DA6627C0F97500CE63A5 /* Assets.xcassets */,
				BE84DA6827C0F97500CE63A5 /* LaunchScreen.storyboard */,
			);
			path = Resources;
			sourceTree = "<group>";
		};
		BE84DA7227C0FC7800CE63A5 /* Application */ = {
			isa = PBXGroup;
			children = (
				BE84DA5A27C0F97400CE63A5 /* AppDelegate.swift */,
			);
			path = Application;
			sourceTree = "<group>";
		};
		BE84DA7327C0FCED00CE63A5 /* Controllers */ = {
			isa = PBXGroup;
			children = (
				BE84DA9527C110B500CE63A5 /* Home */,
				BE84DA9627C110C600CE63A5 /* DetailView */,
			);
			path = Controllers;
			sourceTree = "<group>";
		};
		BE84DA7427C0FD0E00CE63A5 /* Extensions */ = {
			isa = PBXGroup;
			children = (
				BE84DA8A27C1005900CE63A5 /* ImageViewExtensions.swift */,
				BE84DA8C27C1006F00CE63A5 /* DateExtensions.swift */,
				BE84DA8E27C1008600CE63A5 /* IntExtensions.swift */,
				BE84DA9027C100B300CE63A5 /* CelciusConverter.swift */,
			);
			path = Extensions;
			sourceTree = "<group>";
		};
		BE84DA7527C0FD3A00CE63A5 /* NetworkManager */ = {
			isa = PBXGroup;
			children = (
				BE84DA7E27C0FF2400CE63A5 /* NetworkManagerProtocols.swift */,
				BE84DA8027C0FF3B00CE63A5 /* WeatherNetworkManagers.swift */,
				BE84DA8227C0FF4F00CE63A5 /* NetworkPropirties.swift */,
			);
			path = NetworkManager;
			sourceTree = "<group>";
		};
		BE84DA7627C0FD5000CE63A5 /* Model */ = {
			isa = PBXGroup;
			children = (
				BE84DA7A27C0FEE500CE63A5 /* Weather.swift */,
				BE84DA7C27C0FEF100CE63A5 /* ForeCast.swift */,
			);
			path = Model;
			sourceTree = "<group>";
		};
		BE84DA7727C0FD6A00CE63A5 /* Cells */ = {
			isa = PBXGroup;
			children = (
				BE84DA8427C0FFC800CE63A5 /* ForecastCell.swift */,
				BE84DA8627C0FFE300CE63A5 /* SelfConfigureCell.swift */,
				BE84DA8827C0FFFF00CE63A5 /* HourlyCell.swift */,
			);
			path = Cells;
			sourceTree = "<group>";
		};
		BE84DA9427C110AB00CE63A5 /* Base */ = {
			isa = PBXGroup;
			children = (
				BE84DA9727C1113200CE63A5 /* BaseViewController.swift */,
			);
			path = Base;
			sourceTree = "<group>";
		};
		BE84DA9527C110B500CE63A5 /* Home */ = {
			isa = PBXGroup;
			children = (
				BE84DA7827C0FDAC00CE63A5 /* HomeViewController.swift */,
			);
			path = Home;
			sourceTree = "<group>";
		};
		BE84DA9627C110C600CE63A5 /* DetailView */ = {
			isa = PBXGroup;
			children = (
				BE84DA9227C1093200CE63A5 /* DetailViewController.swift */,
			);
			path = DetailView;
			sourceTree = "<group>";
		};
/* End PBXGroup section */

/* Begin PBXNativeTarget section */
		BE84DA5627C0F97400CE63A5 /* SecondWeatherApp */ = {
			isa = PBXNativeTarget;
			buildConfigurationList = BE84DA6E27C0F97500CE63A5 /* Build configuration list for PBXNativeTarget "SecondWeatherApp" */;
			buildPhases = (
				5E7D1072EB56A70F78C743D3 /* [CP] Check Pods Manifest.lock */,
				BE84DA5327C0F97400CE63A5 /* Sources */,
				BE84DA5427C0F97400CE63A5 /* Frameworks */,
				BE84DA5527C0F97400CE63A5 /* Resources */,
				C274835351F4CA52BD305A92 /* [CP] Embed Pods Frameworks */,
			);
			buildRules = (
			);
			dependencies = (
			);
			name = SecondWeatherApp;
			productName = SecondWeatherApp;
			productReference = BE84DA5727C0F97400CE63A5 /* SecondWeatherApp.app */;
			productType = "com.apple.product-type.application";
		};
/* End PBXNativeTarget section */

/* Begin PBXProject section */
		BE84DA4F27C0F97400CE63A5 /* Project object */ = {
			isa = PBXProject;
			attributes = {
				BuildIndependentTargetsInParallel = 1;
				LastSwiftUpdateCheck = 1310;
				LastUpgradeCheck = 1310;
				TargetAttributes = {
					BE84DA5627C0F97400CE63A5 = {
						CreatedOnToolsVersion = 13.1;
					};
				};
			};
			buildConfigurationList = BE84DA5227C0F97400CE63A5 /* Build configuration list for PBXProject "SecondWeatherApp" */;
			compatibilityVersion = "Xcode 13.0";
			developmentRegion = en;
			hasScannedForEncodings = 0;
			knownRegions = (
				en,
				Base,
			);
			mainGroup = BE84DA4E27C0F97400CE63A5;
			productRefGroup = BE84DA5827C0F97400CE63A5 /* Products */;
			projectDirPath = "";
			projectRoot = "";
			targets = (
				BE84DA5627C0F97400CE63A5 /* SecondWeatherApp */,
			);
		};
/* End PBXProject section */

/* Begin PBXResourcesBuildPhase section */
		BE84DA5527C0F97400CE63A5 /* Resources */ = {
			isa = PBXResourcesBuildPhase;
			buildActionMask = 2147483647;
			files = (
				BE84DA6A27C0F97500CE63A5 /* LaunchScreen.storyboard in Resources */,
				BE84DA6727C0F97500CE63A5 /* Assets.xcassets in Resources */,
			);
			runOnlyForDeploymentPostprocessing = 0;
		};
/* End PBXResourcesBuildPhase section */

/* Begin PBXShellScriptBuildPhase section */
		5E7D1072EB56A70F78C743D3 /* [CP] Check Pods Manifest.lock */ = {
			isa = PBXShellScriptBuildPhase;
			buildActionMask = 2147483647;
			files = (
			);
			inputFileListPaths = (
			);
			inputPaths = (
				"${PODS_PODFILE_DIR_PATH}/Podfile.lock",
				"${PODS_ROOT}/Manifest.lock",
			);
			name = "[CP] Check Pods Manifest.lock";
			outputFileListPaths = (
			);
			outputPaths = (
				"$(DERIVED_FILE_DIR)/Pods-SecondWeatherApp-checkManifestLockResult.txt",
			);
			runOnlyForDeploymentPostprocessing = 0;
			shellPath = /bin/sh;
			shellScript = "diff \"${PODS_PODFILE_DIR_PATH}/Podfile.lock\" \"${PODS_ROOT}/Manifest.lock\" > /dev/null\nif [ $? != 0 ] ; then\n    # print error to STDERR\n    echo \"error: The sandbox is not in sync with the Podfile.lock. Run 'pod install' or update your CocoaPods installation.\" >&2\n    exit 1\nfi\n# This output is used by Xcode 'outputs' to avoid re-running this script phase.\necho \"SUCCESS\" > \"${SCRIPT_OUTPUT_FILE_0}\"\n";
			showEnvVarsInLog = 0;
		};
		C274835351F4CA52BD305A92 /* [CP] Embed Pods Frameworks */ = {
			isa = PBXShellScriptBuildPhase;
			buildActionMask = 2147483647;
			files = (
			);
			inputFileListPaths = (
				"${PODS_ROOT}/Target Support Files/Pods-SecondWeatherApp/Pods-SecondWeatherApp-frameworks-${CONFIGURATION}-input-files.xcfilelist",
			);
			name = "[CP] Embed Pods Frameworks";
			outputFileListPaths = (
				"${PODS_ROOT}/Target Support Files/Pods-SecondWeatherApp/Pods-SecondWeatherApp-frameworks-${CONFIGURATION}-output-files.xcfilelist",
			);
			runOnlyForDeploymentPostprocessing = 0;
			shellPath = /bin/sh;
			shellScript = "\"${PODS_ROOT}/Target Support Files/Pods-SecondWeatherApp/Pods-SecondWeatherApp-frameworks.sh\"\n";
			showEnvVarsInLog = 0;
		};
/* End PBXShellScriptBuildPhase section */

/* Begin PBXSourcesBuildPhase section */
		BE84DA5327C0F97400CE63A5 /* Sources */ = {
			isa = PBXSourcesBuildPhase;
			buildActionMask = 2147483647;
			files = (
				BE84DA8927C0FFFF00CE63A5 /* HourlyCell.swift in Sources */,
				BE84DA7B27C0FEE500CE63A5 /* Weather.swift in Sources */,
				BE84DA8B27C1005900CE63A5 /* ImageViewExtensions.swift in Sources */,
				BE84DA8127C0FF3C00CE63A5 /* WeatherNetworkManagers.swift in Sources */,
				BE84DA7D27C0FEF100CE63A5 /* ForeCast.swift in Sources */,
				BE84DA7F27C0FF2400CE63A5 /* NetworkManagerProtocols.swift in Sources */,
				BE84DA8527C0FFC800CE63A5 /* ForecastCell.swift in Sources */,
				BE84DA9827C1113200CE63A5 /* BaseViewController.swift in Sources */,
				BE84DA8F27C1008600CE63A5 /* IntExtensions.swift in Sources */,
				BE84DA9127C100B300CE63A5 /* CelciusConverter.swift in Sources */,
				BE84DA5B27C0F97400CE63A5 /* AppDelegate.swift in Sources */,
				BE84DA8727C0FFE300CE63A5 /* SelfConfigureCell.swift in Sources */,
				BE84DA8327C0FF4F00CE63A5 /* NetworkPropirties.swift in Sources */,
				BE84DA6527C0F97400CE63A5 /* SecondWeatherApp.xcdatamodeld in Sources */,
				BE84DA9327C1093200CE63A5 /* DetailViewController.swift in Sources */,
				BE84DA7927C0FDAC00CE63A5 /* HomeViewController.swift in Sources */,
				BE84DA8D27C1006F00CE63A5 /* DateExtensions.swift in Sources */,
			);
			runOnlyForDeploymentPostprocessing = 0;
		};
/* End PBXSourcesBuildPhase section */

/* Begin PBXVariantGroup section */
		BE84DA6827C0F97500CE63A5 /* LaunchScreen.storyboard */ = {
			isa = PBXVariantGroup;
			children = (
				BE84DA6927C0F97500CE63A5 /* Base */,
			);
			name = LaunchScreen.storyboard;
			sourceTree = "<group>";
		};
/* End PBXVariantGroup section */

/* Begin XCBuildConfiguration section */
		BE84DA6C27C0F97500CE63A5 /* Debug */ = {
			isa = XCBuildConfiguration;
			buildSettings = {
				ALWAYS_SEARCH_USER_PATHS = NO;
				CLANG_ANALYZER_NONNULL = YES;
				CLANG_ANALYZER_NUMBER_OBJECT_CONVERSION = YES_AGGRESSIVE;
				CLANG_CXX_LANGUAGE_STANDARD = "gnu++17";
				CLANG_CXX_LIBRARY = "libc++";
				CLANG_ENABLE_MODULES = YES;
				CLANG_ENABLE_OBJC_ARC = YES;
				CLANG_ENABLE_OBJC_WEAK = YES;
				CLANG_WARN_BLOCK_CAPTURE_AUTORELEASING = YES;
				CLANG_WARN_BOOL_CONVERSION = YES;
				CLANG_WARN_COMMA = YES;
				CLANG_WARN_CONSTANT_CONVERSION = YES;
				CLANG_WARN_DEPRECATED_OBJC_IMPLEMENTATIONS = YES;
				CLANG_WARN_DIRECT_OBJC_ISA_USAGE = YES_ERROR;
				CLANG_WARN_DOCUMENTATION_COMMENTS = YES;
				CLANG_WARN_EMPTY_BODY = YES;
				CLANG_WARN_ENUM_CONVERSION = YES;
				CLANG_WARN_INFINITE_RECURSION = YES;
				CLANG_WARN_INT_CONVERSION = YES;
				CLANG_WARN_NON_LITERAL_NULL_CONVERSION = YES;
				CLANG_WARN_OBJC_IMPLICIT_RETAIN_SELF = YES;
				CLANG_WARN_OBJC_LITERAL_CONVERSION = YES;
				CLANG_WARN_OBJC_ROOT_CLASS = YES_ERROR;
				CLANG_WARN_QUOTED_INCLUDE_IN_FRAMEWORK_HEADER = YES;
				CLANG_WARN_RANGE_LOOP_ANALYSIS = YES;
				CLANG_WARN_STRICT_PROTOTYPES = YES;
				CLANG_WARN_SUSPICIOUS_MOVE = YES;
				CLANG_WARN_UNGUARDED_AVAILABILITY = YES_AGGRESSIVE;
				CLANG_WARN_UNREACHABLE_CODE = YES;
				CLANG_WARN__DUPLICATE_METHOD_MATCH = YES;
				COPY_PHASE_STRIP = NO;
				DEBUG_INFORMATION_FORMAT = dwarf;
				ENABLE_STRICT_OBJC_MSGSEND = YES;
				ENABLE_TESTABILITY = YES;
				GCC_C_LANGUAGE_STANDARD = gnu11;
				GCC_DYNAMIC_NO_PIC = NO;
				GCC_NO_COMMON_BLOCKS = YES;
				GCC_OPTIMIZATION_LEVEL = 0;
				GCC_PREPROCESSOR_DEFINITIONS = (
					"DEBUG=1",
					"$(inherited)",
				);
				GCC_WARN_64_TO_32_BIT_CONVERSION = YES;
				GCC_WARN_ABOUT_RETURN_TYPE = YES_ERROR;
				GCC_WARN_UNDECLARED_SELECTOR = YES;
				GCC_WARN_UNINITIALIZED_AUTOS = YES_AGGRESSIVE;
				GCC_WARN_UNUSED_FUNCTION = YES;
				GCC_WARN_UNUSED_VARIABLE = YES;
				IPHONEOS_DEPLOYMENT_TARGET = 15.0;
				MTL_ENABLE_DEBUG_INFO = INCLUDE_SOURCE;
				MTL_FAST_MATH = YES;
				ONLY_ACTIVE_ARCH = YES;
				SDKROOT = iphoneos;
				SWIFT_ACTIVE_COMPILATION_CONDITIONS = DEBUG;
				SWIFT_OPTIMIZATION_LEVEL = "-Onone";
			};
			name = Debug;
		};
		BE84DA6D27C0F97500CE63A5 /* Release */ = {
			isa = XCBuildConfiguration;
			buildSettings = {
				ALWAYS_SEARCH_USER_PATHS = NO;
				CLANG_ANALYZER_NONNULL = YES;
				CLANG_ANALYZER_NUMBER_OBJECT_CONVERSION = YES_AGGRESSIVE;
				CLANG_CXX_LANGUAGE_STANDARD = "gnu++17";
				CLANG_CXX_LIBRARY = "libc++";
				CLANG_ENABLE_MODULES = YES;
				CLANG_ENABLE_OBJC_ARC = YES;
				CLANG_ENABLE_OBJC_WEAK = YES;
				CLANG_WARN_BLOCK_CAPTURE_AUTORELEASING = YES;
				CLANG_WARN_BOOL_CONVERSION = YES;
				CLANG_WARN_COMMA = YES;
				CLANG_WARN_CONSTANT_CONVERSION = YES;
				CLANG_WARN_DEPRECATED_OBJC_IMPLEMENTATIONS = YES;
				CLANG_WARN_DIRECT_OBJC_ISA_USAGE = YES_ERROR;
				CLANG_WARN_DOCUMENTATION_COMMENTS = YES;
				CLANG_WARN_EMPTY_BODY = YES;
				CLANG_WARN_ENUM_CONVERSION = YES;
				CLANG_WARN_INFINITE_RECURSION = YES;
				CLANG_WARN_INT_CONVERSION = YES;
				CLANG_WARN_NON_LITERAL_NULL_CONVERSION = YES;
				CLANG_WARN_OBJC_IMPLICIT_RETAIN_SELF = YES;
				CLANG_WARN_OBJC_LITERAL_CONVERSION = YES;
				CLANG_WARN_OBJC_ROOT_CLASS = YES_ERROR;
				CLANG_WARN_QUOTED_INCLUDE_IN_FRAMEWORK_HEADER = YES;
				CLANG_WARN_RANGE_LOOP_ANALYSIS = YES;
				CLANG_WARN_STRICT_PROTOTYPES = YES;
				CLANG_WARN_SUSPICIOUS_MOVE = YES;
				CLANG_WARN_UNGUARDED_AVAILABILITY = YES_AGGRESSIVE;
				CLANG_WARN_UNREACHABLE_CODE = YES;
				CLANG_WARN__DUPLICATE_METHOD_MATCH = YES;
				COPY_PHASE_STRIP = NO;
				DEBUG_INFORMATION_FORMAT = "dwarf-with-dsym";
				ENABLE_NS_ASSERTIONS = NO;
				ENABLE_STRICT_OBJC_MSGSEND = YES;
				GCC_C_LANGUAGE_STANDARD = gnu11;
				GCC_NO_COMMON_BLOCKS = YES;
				GCC_WARN_64_TO_32_BIT_CONVERSION = YES;
				GCC_WARN_ABOUT_RETURN_TYPE = YES_ERROR;
				GCC_WARN_UNDECLARED_SELECTOR = YES;
				GCC_WARN_UNINITIALIZED_AUTOS = YES_AGGRESSIVE;
				GCC_WARN_UNUSED_FUNCTION = YES;
				GCC_WARN_UNUSED_VARIABLE = YES;
				IPHONEOS_DEPLOYMENT_TARGET = 15.0;
				MTL_ENABLE_DEBUG_INFO = NO;
				MTL_FAST_MATH = YES;
				SDKROOT = iphoneos;
				SWIFT_COMPILATION_MODE = wholemodule;
				SWIFT_OPTIMIZATION_LEVEL = "-O";
				VALIDATE_PRODUCT = YES;
			};
			name = Release;
		};
		BE84DA6F27C0F97500CE63A5 /* Debug */ = {
			isa = XCBuildConfiguration;
			baseConfigurationReference = DB6E3E24695E01C9353D999C /* Pods-SecondWeatherApp.debug.xcconfig */;
			buildSettings = {
				ASSETCATALOG_COMPILER_APPICON_NAME = AppIcon;
				ASSETCATALOG_COMPILER_GLOBAL_ACCENT_COLOR_NAME = AccentColor;
				CODE_SIGN_STYLE = Automatic;
				CURRENT_PROJECT_VERSION = 1;
				DEVELOPMENT_TEAM = GDP346N277;
				GENERATE_INFOPLIST_FILE = YES;
				INFOPLIST_FILE = SecondWeatherApp/Info.plist;
				INFOPLIST_KEY_NSLocationWhenInUseUsageDescription = "local usage";
				INFOPLIST_KEY_UIApplicationSupportsIndirectInputEvents = YES;
				INFOPLIST_KEY_UILaunchStoryboardName = LaunchScreen;
				INFOPLIST_KEY_UISupportedInterfaceOrientations = UIInterfaceOrientationPortrait;
				INFOPLIST_KEY_UISupportedInterfaceOrientations_iPad = "UIInterfaceOrientationPortrait UIInterfaceOrientationPortraitUpsideDown UIInterfaceOrientationLandscapeLeft UIInterfaceOrientationLandscapeRight";
				INFOPLIST_KEY_UISupportedInterfaceOrientations_iPhone = "UIInterfaceOrientationPortrait UIInterfaceOrientationLandscapeLeft UIInterfaceOrientationLandscapeRight";
				LD_RUNPATH_SEARCH_PATHS = (
					"$(inherited)",
					"@executable_path/Frameworks",
				);
				MARKETING_VERSION = 1.0;
				PRODUCT_BUNDLE_IDENTIFIER = team.SecondWeatherApp;
				PRODUCT_NAME = "$(TARGET_NAME)";
				SWIFT_EMIT_LOC_STRINGS = YES;
				SWIFT_VERSION = 5.0;
				TARGETED_DEVICE_FAMILY = "1,2";
			};
			name = Debug;
		};
		BE84DA7027C0F97500CE63A5 /* Release */ = {
			isa = XCBuildConfiguration;
			baseConfigurationReference = 025C1F992CCC0E690207488E /* Pods-SecondWeatherApp.release.xcconfig */;
			buildSettings = {
				ASSETCATALOG_COMPILER_APPICON_NAME = AppIcon;
				ASSETCATALOG_COMPILER_GLOBAL_ACCENT_COLOR_NAME = AccentColor;
				CODE_SIGN_STYLE = Automatic;
				CURRENT_PROJECT_VERSION = 1;
				DEVELOPMENT_TEAM = GDP346N277;
				GENERATE_INFOPLIST_FILE = YES;
				INFOPLIST_FILE = SecondWeatherApp/Info.plist;
				INFOPLIST_KEY_NSLocationWhenInUseUsageDescription = "local usage";
				INFOPLIST_KEY_UIApplicationSupportsIndirectInputEvents = YES;
				INFOPLIST_KEY_UILaunchStoryboardName = LaunchScreen;
				INFOPLIST_KEY_UISupportedInterfaceOrientations = UIInterfaceOrientationPortrait;
				INFOPLIST_KEY_UISupportedInterfaceOrientations_iPad = "UIInterfaceOrientationPortrait UIInterfaceOrientationPortraitUpsideDown UIInterfaceOrientationLandscapeLeft UIInterfaceOrientationLandscapeRight";
				INFOPLIST_KEY_UISupportedInterfaceOrientations_iPhone = "UIInterfaceOrientationPortrait UIInterfaceOrientationLandscapeLeft UIInterfaceOrientationLandscapeRight";
				LD_RUNPATH_SEARCH_PATHS = (
					"$(inherited)",
					"@executable_path/Frameworks",
				);
				MARKETING_VERSION = 1.0;
				PRODUCT_BUNDLE_IDENTIFIER = team.SecondWeatherApp;
				PRODUCT_NAME = "$(TARGET_NAME)";
				SWIFT_EMIT_LOC_STRINGS = YES;
				SWIFT_VERSION = 5.0;
				TARGETED_DEVICE_FAMILY = "1,2";
			};
			name = Release;
		};
/* End XCBuildConfiguration section */

/* Begin XCConfigurationList section */
		BE84DA5227C0F97400CE63A5 /* Build configuration list for PBXProject "SecondWeatherApp" */ = {
			isa = XCConfigurationList;
			buildConfigurations = (
				BE84DA6C27C0F97500CE63A5 /* Debug */,
				BE84DA6D27C0F97500CE63A5 /* Release */,
			);
			defaultConfigurationIsVisible = 0;
			defaultConfigurationName = Release;
		};
		BE84DA6E27C0F97500CE63A5 /* Build configuration list for PBXNativeTarget "SecondWeatherApp" */ = {
			isa = XCConfigurationList;
			buildConfigurations = (
				BE84DA6F27C0F97500CE63A5 /* Debug */,
				BE84DA7027C0F97500CE63A5 /* Release */,
			);
			defaultConfigurationIsVisible = 0;
			defaultConfigurationName = Release;
		};
/* End XCConfigurationList section */

/* Begin XCVersionGroup section */
		BE84DA6327C0F97400CE63A5 /* SecondWeatherApp.xcdatamodeld */ = {
			isa = XCVersionGroup;
			children = (
				BE84DA6427C0F97400CE63A5 /* SecondWeatherApp.xcdatamodel */,
			);
			currentVersion = BE84DA6427C0F97400CE63A5 /* SecondWeatherApp.xcdatamodel */;
			path = SecondWeatherApp.xcdatamodeld;
			sourceTree = "<group>";
			versionGroupType = wrapper.xcdatamodel;
		};
/* End XCVersionGroup section */
	};
	rootObject = BE84DA4F27C0F97400CE63A5 /* Project object */;
}
